github.com/choonsiong/golib v1.4.0 h1:G5AbqQgyhHnWfjNtd3ysmpfFSKkhxBppv4HqvMBHACY=
github.com/choonsiong/golib v1.4.0/go.mod h1:DV9Upsm3rQZ+l/nLfCgzyyhyWmddJGY0lWZfWGrUSnM=
github.com/choonsiong/golib/v2 v2.6.0 h1:wPmotwiq1ZHd5EHnHzi4oH3duPNtSfZYtcLHSTjH4Y4=
github.com/choonsiong/golib/v2 v2.6.0/go.mod h1:qJIDptcP516xhwxjRg2fCxfX8Zv3r4uof7My2jA1h0g=
